
Microsoft Visual Studio Solution File, Format Version 12.00
# Visual Studio 15
VisualStudioVersion = 15.0.28010.2026
MinimumVisualStudioVersion = 10.0.40219.1
Project("{FAE04EC0-301F-11D3-BF4B-00C04F79EFBC}") = "ClassLibrary1", "ClassLibrary1\ClassLibrary1.csproj", "{313DA3D7-C2A3-4CC3-985E-EE5A79219FCD}"
EndProject
Global
	GlobalSection(SolutionConfigurationPlatforms) = preSolution
		Debug|Any CPU = Debug|Any CPU
		Release|Any CPU = Release|Any CPU
	EndGlobalSection
	GlobalSection(ProjectConfigurationPlatforms) = postSolution
		{313DA3D7-C2A3-4CC3-985E-EE5A79219FCD}.Debug|Any CPU.ActiveCfg = Debug|Any CPU
		{313DA3D7-C2A3-4CC3-985E-EE5A79219FCD}.Debug|Any CPU.Build.0 = Debug|Any CPU
		{313DA3D7-C2A3-4CC3-985E-EE5A79219FCD}.Release|Any CPU.ActiveCfg = Release|Any CPU
		{313DA3D7-C2A3-4CC3-985E-EE5A79219FCD}.Release|Any CPU.Build.0 = Release|Any CPU
	EndGlobalSection
	GlobalSection(SolutionProperties) = preSolution
		HideSolutionNode = FALSE
	EndGlobalSection
	GlobalSection(ExtensibilityGlobals) = postSolution
		SolutionGuid = {943C1765-1DFE-4E8B-89BC-EF08D3F95202}
	EndGlobalSection
EndGlobal
